// !$*UTF8*$!
{
	archiveVersion = 1;
	classes = {
	};
	objectVersion = 50;
	objects = {

/* Begin PBXBuildFile section */
		E60EF06921461D0A0036BCF0 /* AppDelegate.swift in Sources */ = {isa = PBXBuildFile; fileRef = E60EF06821461D0A0036BCF0 /* AppDelegate.swift */; };
		E60EF06B21461D0A0036BCF0 /* ViewController.swift in Sources */ = {isa = PBXBuildFile; fileRef = E60EF06A21461D0A0036BCF0 /* ViewController.swift */; };
		E60EF06E21461D0A0036BCF0 /* Main.storyboard in Resources */ = {isa = PBXBuildFile; fileRef = E60EF06C21461D0A0036BCF0 /* Main.storyboard */; };
		E60EF07021461D0C0036BCF0 /* Assets.xcassets in Resources */ = {isa = PBXBuildFile; fileRef = E60EF06F21461D0C0036BCF0 /* Assets.xcassets */; };
		E60EF07321461D0C0036BCF0 /* LaunchScreen.storyboard in Resources */ = {isa = PBXBuildFile; fileRef = E60EF07121461D0C0036BCF0 /* LaunchScreen.storyboard */; };
		E60EF07E21461D0C0036BCF0 /* TipCalcTests.swift in Sources */ = {isa = PBXBuildFile; fileRef = E60EF07D21461D0C0036BCF0 /* TipCalcTests.swift */; };
		E60EF08921461D0C0036BCF0 /* TipCalcUITests.swift in Sources */ = {isa = PBXBuildFile; fileRef = E60EF08821461D0C0036BCF0 /* TipCalcUITests.swift */; };
/* End PBXBuildFile section */

/* Begin PBXContainerItemProxy section */
		E60EF07A21461D0C0036BCF0 /* PBXContainerItemProxy */ = {
			isa = PBXContainerItemProxy;
			containerPortal = E60EF05D21461D0A0036BCF0 /* Project object */;
			proxyType = 1;
			remoteGlobalIDString = E60EF06421461D0A0036BCF0;
			remoteInfo = TipCalc;
		};
		E60EF08521461D0C0036BCF0 /* PBXContainerItemProxy */ = {
			isa = PBXContainerItemProxy;
			containerPortal = E60EF05D21461D0A0036BCF0 /* Project object */;
			proxyType = 1;
			remoteGlobalIDString = E60EF06421461D0A0036BCF0;
			remoteInfo = TipCalc;
		};
/* End PBXContainerItemProxy section */

/* Begin PBXFileReference section */
		E60EF06521461D0A0036BCF0 /* TipCalc.app */ = {isa = PBXFileReference; explicitFileType = wrapper.application; includeInIndex = 0; path = TipCalc.app; sourceTree = BUILT_PRODUCTS_DIR; };
		E60EF06821461D0A0036BCF0 /* AppDelegate.swift */ = {isa = PBXFileReference; lastKnownFileType = sourcecode.swift; path = AppDelegate.swift; sourceTree = "<group>"; };
		E60EF06A21461D0A0036BCF0 /* ViewController.swift */ = {isa = PBXFileReference; lastKnownFileType = sourcecode.swift; path = ViewController.swift; sourceTree = "<group>"; };
		E60EF06D21461D0A0036BCF0 /* Base */ = {isa = PBXFileReference; lastKnownFileType = file.storyboard; name = Base; path = Base.lproj/Main.storyboard; sourceTree = "<group>"; };
		E60EF06F21461D0C0036BCF0 /* Assets.xcassets */ = {isa = PBXFileReference; lastKnownFileType = folder.assetcatalog; path = Assets.xcassets; sourceTree = "<group>"; };
		E60EF07221461D0C0036BCF0 /* Base */ = {isa = PBXFileReference; lastKnownFileType = file.storyboard; name = Base; path = Base.lproj/LaunchScreen.storyboard; sourceTree = "<group>"; };
		E60EF07421461D0C0036BCF0 /* Info.plist */ = {isa = PBXFileReference; lastKnownFileType = text.plist.xml; path = Info.plist; sourceTree = "<group>"; };
		E60EF07921461D0C0036BCF0 /* TipCalcTests.xctest */ = {isa = PBXFileReference; explicitFileType = wrapper.cfbundle; includeInIndex = 0; path = TipCalcTests.xctest; sourceTree = BUILT_PRODUCTS_DIR; };
		E60EF07D21461D0C0036BCF0 /* TipCalcTests.swift */ = {isa = PBXFileReference; lastKnownFileType = sourcecode.swift; path = TipCalcTests.swift; sourceTree = "<group>"; };
		E60EF07F21461D0C0036BCF0 /* Info.plist */ = {isa = PBXFileReference; lastKnownFileType = text.plist.xml; path = Info.plist; sourceTree = "<group>"; };
		E60EF08421461D0C0036BCF0 /* TipCalcUITests.xctest */ = {isa = PBXFileReference; explicitFileType = wrapper.cfbundle; includeInIndex = 0; path = TipCalcUITests.xctest; sourceTree = BUILT_PRODUCTS_DIR; };
		E60EF08821461D0C0036BCF0 /* TipCalcUITests.swift */ = {isa = PBXFileReference; lastKnownFileType = sourcecode.swift; path = TipCalcUITests.swift; sourceTree = "<group>"; };
		E60EF08A21461D0C0036BCF0 /* Info.plist */ = {isa = PBXFileReference; lastKnownFileType = text.plist.xml; path = Info.plist; sourceTree = "<group>"; };
/* End PBXFileReference section */

/* Begin PBXFrameworksBuildPhase section */
		E60EF06221461D0A0036BCF0 /* Frameworks */ = {
			isa = PBXFrameworksBuildPhase;
			buildActionMask = 2147483647;
			files = (
			);
			runOnlyForDeploymentPostprocessing = 0;
		};
		E60EF07621461D0C0036BCF0 /* Frameworks */ = {
			isa = PBXFrameworksBuildPhase;
			buildActionMask = 2147483647;
			files = (
			);
			runOnlyForDeploymentPostprocessing = 0;
		};
		E60EF08121461D0C0036BCF0 /* Frameworks */ = {
			isa = PBXFrameworksBuildPhase;
			buildActionMask = 2147483647;
			files = (
			);
			runOnlyForDeploymentPostprocessing = 0;
		};
/* End PBXFrameworksBuildPhase section */

/* Begin PBXGroup section */
		E60EF05C21461D0A0036BCF0 = {
			isa = PBXGroup;
			children = (
				E60EF06721461D0A0036BCF0 /* TipCalc */,
				E60EF07C21461D0C0036BCF0 /* TipCalcTests */,
				E60EF08721461D0C0036BCF0 /* TipCalcUITests */,
				E60EF06621461D0A0036BCF0 /* Products */,
			);
			sourceTree = "<group>";
		};
		E60EF06621461D0A0036BCF0 /* Products */ = {
			isa = PBXGroup;
			children = (
				E60EF06521461D0A0036BCF0 /* TipCalc.app */,
				E60EF07921461D0C0036BCF0 /* TipCalcTests.xctest */,
				E60EF08421461D0C0036BCF0 /* TipCalcUITests.xctest */,
			);
			name = Products;
			sourceTree = "<group>";
		};
		E60EF06721461D0A0036BCF0 /* TipCalc */ = {
			isa = PBXGroup;
			children = (
				E60EF06821461D0A0036BCF0 /* AppDelegate.swift */,
				E60EF06A21461D0A0036BCF0 /* ViewController.swift */,
				E60EF06C21461D0A0036BCF0 /* Main.storyboard */,
				E60EF06F21461D0C0036BCF0 /* Assets.xcassets */,
				E60EF07121461D0C0036BCF0 /* LaunchScreen.storyboard */,
				E60EF07421461D0C0036BCF0 /* Info.plist */,
			);
			path = TipCalc;
			sourceTree = "<group>";
		};
		E60EF07C21461D0C0036BCF0 /* TipCalcTests */ = {
			isa = PBXGroup;
			children = (
				E60EF07D21461D0C0036BCF0 /* TipCalcTests.swift */,
				E60EF07F21461D0C0036BCF0 /* Info.plist */,
			);
			path = TipCalcTests;
			sourceTree = "<group>";
		};
		E60EF08721461D0C0036BCF0 /* TipCalcUITests */ = {
			isa = PBXGroup;
			children = (
				E60EF08821461D0C0036BCF0 /* TipCalcUITests.swift */,
				E60EF08A21461D0C0036BCF0 /* Info.plist */,
			);
			path = TipCalcUITests;
			sourceTree = "<group>";
		};
/* End PBXGroup section */

/* Begin PBXNativeTarget section */
		E60EF06421461D0A0036BCF0 /* TipCalc */ = {
			isa = PBXNativeTarget;
			buildConfigurationList = E60EF08D21461D0C0036BCF0 /* Build configuration list for PBXNativeTarget "TipCalc" */;
			buildPhases = (
				E60EF06121461D0A0036BCF0 /* Sources */,
				E60EF06221461D0A0036BCF0 /* Frameworks */,
				E60EF06321461D0A0036BCF0 /* Resources */,
			);
			buildRules = (
			);
			dependencies = (
			);
			name = TipCalc;
			productName = TipCalc;
			productReference = E60EF06521461D0A0036BCF0 /* TipCalc.app */;
			productType = "com.apple.product-type.application";
		};
		E60EF07821461D0C0036BCF0 /* TipCalcTests */ = {
			isa = PBXNativeTarget;
			buildConfigurationList = E60EF09021461D0C0036BCF0 /* Build configuration list for PBXNativeTarget "TipCalcTests" */;
			buildPhases = (
				E60EF07521461D0C0036BCF0 /* Sources */,
				E60EF07621461D0C0036BCF0 /* Frameworks */,
				E60EF07721461D0C0036BCF0 /* Resources */,
			);
			buildRules = (
			);
			dependencies = (
				E60EF07B21461D0C0036BCF0 /* PBXTargetDependency */,
			);
			name = TipCalcTests;
			productName = TipCalcTests;
			productReference = E60EF07921461D0C0036BCF0 /* TipCalcTests.xctest */;
			productType = "com.apple.product-type.bundle.unit-test";
		};
		E60EF08321461D0C0036BCF0 /* TipCalcUITests */ = {
			isa = PBXNativeTarget;
			buildConfigurationList = E60EF09321461D0C0036BCF0 /* Build configuration list for PBXNativeTarget "TipCalcUITests" */;
			buildPhases = (
				E60EF08021461D0C0036BCF0 /* Sources */,
				E60EF08121461D0C0036BCF0 /* Frameworks */,
				E60EF08221461D0C0036BCF0 /* Resources */,
			);
			buildRules = (
			);
			dependencies = (
				E60EF08621461D0C0036BCF0 /* PBXTargetDependency */,
			);
			name = TipCalcUITests;
			productName = TipCalcUITests;
			productReference = E60EF08421461D0C0036BCF0 /* TipCalcUITests.xctest */;
			productType = "com.apple.product-type.bundle.ui-testing";
		};
/* End PBXNativeTarget section */

/* Begin PBXProject section */
		E60EF05D21461D0A0036BCF0 /* Project object */ = {
			isa = PBXProject;
			attributes = {
				LastSwiftUpdateCheck = 1000;
				LastUpgradeCheck = 1000;
				ORGANIZATIONNAME = "lameem tajwar";
				TargetAttributes = {
					E60EF06421461D0A0036BCF0 = {
						CreatedOnToolsVersion = 10.0;
					};
					E60EF07821461D0C0036BCF0 = {
						CreatedOnToolsVersion = 10.0;
						TestTargetID = E60EF06421461D0A0036BCF0;
					};
					E60EF08321461D0C0036BCF0 = {
						CreatedOnToolsVersion = 10.0;
						TestTargetID = E60EF06421461D0A0036BCF0;
					};
				};
			};
			buildConfigurationList = E60EF06021461D0A0036BCF0 /* Build configuration list for PBXProject "TipCalc" */;
			compatibilityVersion = "Xcode 9.3";
			developmentRegion = en;
			hasScannedForEncodings = 0;
			knownRegions = (
				en,
				Base,
			);
			mainGroup = E60EF05C21461D0A0036BCF0;
			productRefGroup = E60EF06621461D0A0036BCF0 /* Products */;
			projectDirPath = "";
			projectRoot = "";
			targets = (
				E60EF06421461D0A0036BCF0 /* TipCalc */,
				E60EF07821461D0C0036BCF0 /* TipCalcTests */,
				E60EF08321461D0C0036BCF0 /* TipCalcUITests */,
			);
		};
/* End PBXProject section */

/* Begin PBXResourcesBuildPhase section */
		E60EF06321461D0A0036BCF0 /* Resources */ = {
			isa = PBXResourcesBuildPhase;
			buildActionMask = 2147483647;
			files = (
				E60EF07321461D0C0036BCF0 /* LaunchScreen.storyboard in Resources */,
				E60EF07021461D0C0036BCF0 /* Assets.xcassets in Resources */,
				E60EF06E21461D0A0036BCF0 /* Main.storyboard in Resources */,
			);
			runOnlyForDeploymentPostprocessing = 0;
		};
		E60EF07721461D0C0036BCF0 /* Resources */ = {
			isa = PBXResourcesBuildPhase;
			buildActionMask = 2147483647;
			files = (
			);
			runOnlyForDeploymentPostprocessing = 0;
		};
		E60EF08221461D0C0036BCF0 /* Resources */ = {
			isa = PBXResourcesBuildPhase;
			buildActionMask = 2147483647;
			files = (
			);
			runOnlyForDeploymentPostprocessing = 0;
		};
/* End PBXResourcesBuildPhase section */

/* Begin PBXSourcesBuildPhase section */
		E60EF06121461D0A0036BCF0 /* Sources */ = {
			isa = PBXSourcesBuildPhase;
			buildActionMask = 2147483647;
			files = (
				E60EF06B21461D0A0036BCF0 /* ViewController.swift in Sources */,
				E60EF06921461D0A0036BCF0 /* AppDelegate.swift in Sources */,
			);
			runOnlyForDeploymentPostprocessing = 0;
		};
		E60EF07521461D0C0036BCF0 /* Sources */ = {
			isa = PBXSourcesBuildPhase;
			buildActionMask = 2147483647;
			files = (
				E60EF07E21461D0C0036BCF0 /* TipCalcTests.swift in Sources */,
			);
			runOnlyForDeploymentPostprocessing = 0;
		};
		E60EF08021461D0C0036BCF0 /* Sources */ = {
			isa = PBXSourcesBuildPhase;
			buildActionMask = 2147483647;
			files = (
				E60EF08921461D0C0036BCF0 /* TipCalcUITests.swift in Sources */,
			);
			runOnlyForDeploymentPostprocessing = 0;
		};
/* End PBXSourcesBuildPhase section */

/* Begin PBXTargetDependency section */
		E60EF07B21461D0C0036BCF0 /* PBXTargetDependency */ = {
			isa = PBXTargetDependency;
			target = E60EF06421461D0A0036BCF0 /* TipCalc */;
			targetProxy = E60EF07A21461D0C0036BCF0 /* PBXContainerItemProxy */;
		};
		E60EF08621461D0C0036BCF0 /* PBXTargetDependency */ = {
			isa = PBXTargetDependency;
			target = E60EF06421461D0A0036BCF0 /* TipCalc */;
			targetProxy = E60EF08521461D0C0036BCF0 /* PBXContainerItemProxy */;
		};
/* End PBXTargetDependency section */

/* Begin PBXVariantGroup section */
		E60EF06C21461D0A0036BCF0 /* Main.storyboard */ = {
			isa = PBXVariantGroup;
			children = (
				E60EF06D21461D0A0036BCF0 /* Base */,
			);
			name = Main.storyboard;
			sourceTree = "<group>";
		};
		E60EF07121461D0C0036BCF0 /* LaunchScreen.storyboard */ = {
			isa = PBXVariantGroup;
			children = (
				E60EF07221461D0C0036BCF0 /* Base */,
			);
			name = LaunchScreen.storyboard;
			sourceTree = "<group>";
		};
/* End PBXVariantGroup section */

/* Begin XCBuildConfiguration section */
		E60EF08B21461D0C0036BCF0 /* Debug */ = {
			isa = XCBuildConfiguration;
			buildSettings = {
				ALWAYS_SEARCH_USER_PATHS = NO;
				CLANG_ANALYZER_NONNULL = YES;
				CLANG_ANALYZER_NUMBER_OBJECT_CONVERSION = YES_AGGRESSIVE;
				CLANG_CXX_LANGUAGE_STANDARD = "gnu++14";
				CLANG_CXX_LIBRARY = "libc++";
				CLANG_ENABLE_MODULES = YES;
				CLANG_ENABLE_OBJC_ARC = YES;
				CLANG_ENABLE_OBJC_WEAK = YES;
				CLANG_WARN_BLOCK_CAPTURE_AUTORELEASING = YES;
				CLANG_WARN_BOOL_CONVERSION = YES;
				CLANG_WARN_COMMA = YES;
				CLANG_WARN_CONSTANT_CONVERSION = YES;
				CLANG_WARN_DEPRECATED_OBJC_IMPLEMENTATIONS = YES;
				CLANG_WARN_DIRECT_OBJC_ISA_USAGE = YES_ERROR;
				CLANG_WARN_DOCUMENTATION_COMMENTS = YES;
				CLANG_WARN_EMPTY_BODY = YES;
				CLANG_WARN_ENUM_CONVERSION = YES;
				CLANG_WARN_INFINITE_RECURSION = YES;
				CLANG_WARN_INT_CONVERSION = YES;
				CLANG_WARN_NON_LITERAL_NULL_CONVERSION = YES;
				CLANG_WARN_OBJC_IMPLICIT_RETAIN_SELF = YES;
				CLANG_WARN_OBJC_LITERAL_CONVERSION = YES;
				CLANG_WARN_OBJC_ROOT_CLASS = YES_ERROR;
				CLANG_WARN_RANGE_LOOP_ANALYSIS = YES;
				CLANG_WARN_STRICT_PROTOTYPES = YES;
				CLANG_WARN_SUSPICIOUS_MOVE = YES;
				CLANG_WARN_UNGUARDED_AVAILABILITY = YES_AGGRESSIVE;
				CLANG_WARN_UNREACHABLE_CODE = YES;
				CLANG_WARN__DUPLICATE_METHOD_MATCH = YES;
				CODE_SIGN_IDENTITY = "iPhone Developer";
				COPY_PHASE_STRIP = NO;
				DEBUG_INFORMATION_FORMAT = dwarf;
				ENABLE_STRICT_OBJC_MSGSEND = YES;
				ENABLE_TESTABILITY = YES;
				GCC_C_LANGUAGE_STANDARD = gnu11;
				GCC_DYNAMIC_NO_PIC = NO;
				GCC_NO_COMMON_BLOCKS = YES;
				GCC_OPTIMIZATION_LEVEL = 0;
				GCC_PREPROCESSOR_DEFINITIONS = (
					"DEBUG=1",
					"$(inherited)",
				);
				GCC_WARN_64_TO_32_BIT_CONVERSION = YES;
				GCC_WARN_ABOUT_RETURN_TYPE = YES_ERROR;
				GCC_WARN_UNDECLARED_SELECTOR = YES;
				GCC_WARN_UNINITIALIZED_AUTOS = YES_AGGRESSIVE;
				GCC_WARN_UNUSED_FUNCTION = YES;
				GCC_WARN_UNUSED_VARIABLE = YES;
				IPHONEOS_DEPLOYMENT_TARGET = 12.0;
				MTL_ENABLE_DEBUG_INFO = INCLUDE_SOURCE;
				MTL_FAST_MATH = YES;
				ONLY_ACTIVE_ARCH = YES;
				SDKROOT = iphoneos;
				SWIFT_ACTIVE_COMPILATION_CONDITIONS = DEBUG;
				SWIFT_OPTIMIZATION_LEVEL = "-Onone";
			};
			name = Debug;
		};
		E60EF08C21461D0C0036BCF0 /* Release */ = {
			isa = XCBuildConfiguration;
			buildSettings = {
				ALWAYS_SEARCH_USER_PATHS = NO;
				CLANG_ANALYZER_NONNULL = YES;
				CLANG_ANALYZER_NUMBER_OBJECT_CONVERSION = YES_AGGRESSIVE;
				CLANG_CXX_LANGUAGE_STANDARD = "gnu++14";
				CLANG_CXX_LIBRARY = "libc++";
				CLANG_ENABLE_MODULES = YES;
				CLANG_ENABLE_OBJC_ARC = YES;
				CLANG_ENABLE_OBJC_WEAK = YES;
				CLANG_WARN_BLOCK_CAPTURE_AUTORELEASING = YES;
				CLANG_WARN_BOOL_CONVERSION = YES;
				CLANG_WARN_COMMA = YES;
				CLANG_WARN_CONSTANT_CONVERSION = YES;
				CLANG_WARN_DEPRECATED_OBJC_IMPLEMENTATIONS = YES;
				CLANG_WARN_DIRECT_OBJC_ISA_USAGE = YES_ERROR;
				CLANG_WARN_DOCUMENTATION_COMMENTS = YES;
				CLANG_WARN_EMPTY_BODY = YES;
				CLANG_WARN_ENUM_CONVERSION = YES;
				CLANG_WARN_INFINITE_RECURSION = YES;
				CLANG_WARN_INT_CONVERSION = YES;
				CLANG_WARN_NON_LITERAL_NULL_CONVERSION = YES;
				CLANG_WARN_OBJC_IMPLICIT_RETAIN_SELF = YES;
				CLANG_WARN_OBJC_LITERAL_CONVERSION = YES;
				CLANG_WARN_OBJC_ROOT_CLASS = YES_ERROR;
				CLANG_WARN_RANGE_LOOP_ANALYSIS = YES;
				CLANG_WARN_STRICT_PROTOTYPES = YES;
				CLANG_WARN_SUSPICIOUS_MOVE = YES;
				CLANG_WARN_UNGUARDED_AVAILABILITY = YES_AGGRESSIVE;
				CLANG_WARN_UNREACHABLE_CODE = YES;
				CLANG_WARN__DUPLICATE_METHOD_MATCH = YES;
				CODE_SIGN_IDENTITY = "iPhone Developer";
				COPY_PHASE_STRIP = NO;
				DEBUG_INFORMATION_FORMAT = "dwarf-with-dsym";
				ENABLE_NS_ASSERTIONS = NO;
				ENABLE_STRICT_OBJC_MSGSEND = YES;
				GCC_C_LANGUAGE_STANDARD = gnu11;
				GCC_NO_COMMON_BLOCKS = YES;
				GCC_WARN_64_TO_32_BIT_CONVERSION = YES;
				GCC_WARN_ABOUT_RETURN_TYPE = YES_ERROR;
				GCC_WARN_UNDECLARED_SELECTOR = YES;
				GCC_WARN_UNINITIALIZED_AUTOS = YES_AGGRESSIVE;
				GCC_WARN_UNUSED_FUNCTION = YES;
				GCC_WARN_UNUSED_VARIABLE = YES;
				IPHONEOS_DEPLOYMENT_TARGET = 12.0;
				MTL_ENABLE_DEBUG_INFO = NO;
				MTL_FAST_MATH = YES;
				SDKROOT = iphoneos;
				SWIFT_COMPILATION_MODE = wholemodule;
				SWIFT_OPTIMIZATION_LEVEL = "-O";
				VALIDATE_PRODUCT = YES;
			};
			name = Release;
		};
		E60EF08E21461D0C0036BCF0 /* Debug */ = {
			isa = XCBuildConfiguration;
			buildSettings = {
				ASSETCATALOG_COMPILER_APPICON_NAME = AppIcon;
				CODE_SIGN_STYLE = Automatic;
				INFOPLIST_FILE = TipCalc/Info.plist;
				LD_RUNPATH_SEARCH_PATHS = (
					"$(inherited)",
					"@executable_path/Frameworks",
				);
				PRODUCT_BUNDLE_IDENTIFIER = m.TipCalc;
				PRODUCT_NAME = "$(TARGET_NAME)";
				SWIFT_VERSION = 4.2;
				TARGETED_DEVICE_FAMILY = "1,2";
			};
			name = Debug;
		};
		E60EF08F21461D0C0036BCF0 /* Release */ = {
			isa = XCBuildConfiguration;
			buildSettings = {
				ASSETCATALOG_COMPILER_APPICON_NAME = AppIcon;
				CODE_SIGN_STYLE = Automatic;
				INFOPLIST_FILE = TipCalc/Info.plist;
				LD_RUNPATH_SEARCH_PATHS = (
					"$(inherited)",
					"@executable_path/Frameworks",
				);
				PRODUCT_BUNDLE_IDENTIFIER = m.TipCalc;
				PRODUCT_NAME = "$(TARGET_NAME)";
				SWIFT_VERSION = 4.2;
				TARGETED_DEVICE_FAMILY = "1,2";
			};
			name = Release;
		};
		E60EF09121461D0C0036BCF0 /* Debug */ = {
			isa = XCBuildConfiguration;
			buildSettings = {
				ALWAYS_EMBED_SWIFT_STANDARD_LIBRARIES = YES;
				BUNDLE_LOADER = "$(TEST_HOST)";
				CODE_SIGN_STYLE = Automatic;
				INFOPLIST_FILE = TipCalcTests/Info.plist;
				LD_RUNPATH_SEARCH_PATHS = (
					"$(inherited)",
					"@executable_path/Frameworks",
					"@loader_path/Frameworks",
				);
				PRODUCT_BUNDLE_IDENTIFIER = m.TipCalcTests;
				PRODUCT_NAME = "$(TARGET_NAME)";
				SWIFT_VERSION = 4.2;
				TARGETED_DEVICE_FAMILY = "1,2";
				TEST_HOST = "$(BUILT_PRODUCTS_DIR)/TipCalc.app/TipCalc";
			};
			name = Debug;
		};
		E60EF09221461D0C0036BCF0 /* Release */ = {
			isa = XCBuildConfiguration;
			buildSettings = {
				ALWAYS_EMBED_SWIFT_STANDARD_LIBRARIES = YES;
				BUNDLE_LOADER = "$(TEST_HOST)";
				CODE_SIGN_STYLE = Automatic;
				INFOPLIST_FILE = TipCalcTests/Info.plist;
				LD_RUNPATH_SEARCH_PATHS = (
					"$(inherited)",
					"@executable_path/Frameworks",
					"@loader_path/Frameworks",
				);
				PRODUCT_BUNDLE_IDENTIFIER = m.TipCalcTests;
				PRODUCT_NAME = "$(TARGET_NAME)";
				SWIFT_VERSION = 4.2;
				TARGETED_DEVICE_FAMILY = "1,2";
				TEST_HOST = "$(BUILT_PRODUCTS_DIR)/TipCalc.app/TipCalc";
			};
			name = Release;
		};
		E60EF09421461D0C0036BCF0 /* Debug */ = {
			isa = XCBuildConfiguration;
			buildSettings = {
				ALWAYS_EMBED_SWIFT_STANDARD_LIBRARIES = YES;
				CODE_SIGN_STYLE = Automatic;
				INFOPLIST_FILE = TipCalcUITests/Info.plist;
				LD_RUNPATH_SEARCH_PATHS = (
					"$(inherited)",
					"@executable_path/Frameworks",
					"@loader_path/Frameworks",
				);
				PRODUCT_BUNDLE_IDENTIFIER = m.TipCalcUITests;
				PRODUCT_NAME = "$(TARGET_NAME)";
				SWIFT_VERSION = 4.2;
				TARGETED_DEVICE_FAMILY = "1,2";
				TEST_TARGET_NAME = TipCalc;
			};
			name = Debug;
		};
		E60EF09521461D0C0036BCF0 /* Release */ = {
			isa = XCBuildConfiguration;
			buildSettings = {
				ALWAYS_EMBED_SWIFT_STANDARD_LIBRARIES = YES;
				CODE_SIGN_STYLE = Automatic;
				INFOPLIST_FILE = TipCalcUITests/Info.plist;
				LD_RUNPATH_SEARCH_PATHS = (
					"$(inherited)",
					"@executable_path/Frameworks",
					"@loader_path/Frameworks",
				);
				PRODUCT_BUNDLE_IDENTIFIER = m.TipCalcUITests;
				PRODUCT_NAME = "$(TARGET_NAME)";
				SWIFT_VERSION = 4.2;
				TARGETED_DEVICE_FAMILY = "1,2";
				TEST_TARGET_NAME = TipCalc;
			};
			name = Release;
		};
/* End XCBuildConfiguration section */

/* Begin XCConfigurationList section */
		E60EF06021461D0A0036BCF0 /* Build configuration list for PBXProject "TipCalc" */ = {
			isa = XCConfigurationList;
			buildConfigurations = (
				E60EF08B21461D0C0036BCF0 /* Debug */,
				E60EF08C21461D0C0036BCF0 /* Release */,
			);
			defaultConfigurationIsVisible = 0;
			defaultConfigurationName = Release;
		};
		E60EF08D21461D0C0036BCF0 /* Build configuration list for PBXNativeTarget "TipCalc" */ = {
			isa = XCConfigurationList;
			buildConfigurations = (
				E60EF08E21461D0C0036BCF0 /* Debug */,
				E60EF08F21461D0C0036BCF0 /* Release */,
			);
			defaultConfigurationIsVisible = 0;
			defaultConfigurationName = Release;
		};
		E60EF09021461D0C0036BCF0 /* Build configuration list for PBXNativeTarget "TipCalcTests" */ = {
			isa = XCConfigurationList;
			buildConfigurations = (
				E60EF09121461D0C0036BCF0 /* Debug */,
				E60EF09221461D0C0036BCF0 /* Release */,
			);
			defaultConfigurationIsVisible = 0;
			defaultConfigurationName = Release;
		};
		E60EF09321461D0C0036BCF0 /* Build configuration list for PBXNativeTarget "TipCalcUITests" */ = {
			isa = XCConfigurationList;
			buildConfigurations = (
				E60EF09421461D0C0036BCF0 /* Debug */,
				E60EF09521461D0C0036BCF0 /* Release */,
			);
			defaultConfigurationIsVisible = 0;
			defaultConfigurationName = Release;
		};
/* End XCConfigurationList section */
	};
	rootObject = E60EF05D21461D0A0036BCF0 /* Project object */;
}
